
Microsoft Visual Studio Solution File, Format Version 12.00
# Visual Studio Version 17
VisualStudioVersion = 17.12.35527.113
MinimumVisualStudioVersion = 10.0.40219.1
Project("{FAE04EC0-301F-11D3-BF4B-00C04F79EFBC}") = "DeveSpotnet", "DeveSpotnet\DeveSpotnet.csproj", "{0CC8C89A-5661-4451-A97D-B3FF7FCA108D}"
EndProject
Project("{2150E333-8FDC-42A3-9474-1A3956D46DE8}") = "Migrations", "Migrations", "{5AA80EA5-CA2D-4589-A0CA-15C67A3AA8FB}"
EndProject
Project("{FAE04EC0-301F-11D3-BF4B-00C04F79EFBC}") = "DeveSpotnet.Migrations.Postgres", "Migrations\DeveSpotnet.Migrations.Postgres\DeveSpotnet.Migrations.Postgres.csproj", "{7C7A8A67-D755-4A4F-9768-1FFCE8FDE8B3}"
EndProject
Project("{FAE04EC0-301F-11D3-BF4B-00C04F79EFBC}") = "DeveSpotnet.Migrations.Sqlite", "Migrations\DeveSpotnet.Migrations.Sqlite\DeveSpotnet.Migrations.Sqlite.csproj", "{173FCEED-7B19-46CB-91DD-2EBC5DD4DEFF}"
EndProject
Project("{FAE04EC0-301F-11D3-BF4B-00C04F79EFBC}") = "DeveSpotnet.Db", "DeveSpotnet.Db\DeveSpotnet.Db.csproj", "{2E54129F-018D-4434-8246-D68FD0AD9507}"
EndProject
Project("{FAE04EC0-301F-11D3-BF4B-00C04F79EFBC}") = "DeveSpotnet.Tests", "DeveSpotnet.Tests\DeveSpotnet.Tests.csproj", "{581DE19B-6134-40AA-ADC6-F67518EA9CFB}"
EndProject
Global
	GlobalSection(SolutionConfigurationPlatforms) = preSolution
		Debug|Any CPU = Debug|Any CPU
		Release|Any CPU = Release|Any CPU
	EndGlobalSection
	GlobalSection(ProjectConfigurationPlatforms) = postSolution
		{0CC8C89A-5661-4451-A97D-B3FF7FCA108D}.Debug|Any CPU.ActiveCfg = Debug|Any CPU
		{0CC8C89A-5661-4451-A97D-B3FF7FCA108D}.Debug|Any CPU.Build.0 = Debug|Any CPU
		{0CC8C89A-5661-4451-A97D-B3FF7FCA108D}.Release|Any CPU.ActiveCfg = Release|Any CPU
		{0CC8C89A-5661-4451-A97D-B3FF7FCA108D}.Release|Any CPU.Build.0 = Release|Any CPU
		{7C7A8A67-D755-4A4F-9768-1FFCE8FDE8B3}.Debug|Any CPU.ActiveCfg = Debug|Any CPU
		{7C7A8A67-D755-4A4F-9768-1FFCE8FDE8B3}.Debug|Any CPU.Build.0 = Debug|Any CPU
		{7C7A8A67-D755-4A4F-9768-1FFCE8FDE8B3}.Release|Any CPU.ActiveCfg = Release|Any CPU
		{7C7A8A67-D755-4A4F-9768-1FFCE8FDE8B3}.Release|Any CPU.Build.0 = Release|Any CPU
		{173FCEED-7B19-46CB-91DD-2EBC5DD4DEFF}.Debug|Any CPU.ActiveCfg = Debug|Any CPU
		{173FCEED-7B19-46CB-91DD-2EBC5DD4DEFF}.Debug|Any CPU.Build.0 = Debug|Any CPU
		{173FCEED-7B19-46CB-91DD-2EBC5DD4DEFF}.Release|Any CPU.ActiveCfg = Release|Any CPU
		{173FCEED-7B19-46CB-91DD-2EBC5DD4DEFF}.Release|Any CPU.Build.0 = Release|Any CPU
		{2E54129F-018D-4434-8246-D68FD0AD9507}.Debug|Any CPU.ActiveCfg = Debug|Any CPU
		{2E54129F-018D-4434-8246-D68FD0AD9507}.Debug|Any CPU.Build.0 = Debug|Any CPU
		{2E54129F-018D-4434-8246-D68FD0AD9507}.Release|Any CPU.ActiveCfg = Release|Any CPU
		{2E54129F-018D-4434-8246-D68FD0AD9507}.Release|Any CPU.Build.0 = Release|Any CPU
		{581DE19B-6134-40AA-ADC6-F67518EA9CFB}.Debug|Any CPU.ActiveCfg = Debug|Any CPU
		{581DE19B-6134-40AA-ADC6-F67518EA9CFB}.Debug|Any CPU.Build.0 = Debug|Any CPU
		{581DE19B-6134-40AA-ADC6-F67518EA9CFB}.Release|Any CPU.ActiveCfg = Release|Any CPU
		{581DE19B-6134-40AA-ADC6-F67518EA9CFB}.Release|Any CPU.Build.0 = Release|Any CPU
	EndGlobalSection
	GlobalSection(SolutionProperties) = preSolution
		HideSolutionNode = FALSE
	EndGlobalSection
	GlobalSection(NestedProjects) = preSolution
		{7C7A8A67-D755-4A4F-9768-1FFCE8FDE8B3} = {5AA80EA5-CA2D-4589-A0CA-15C67A3AA8FB}
		{173FCEED-7B19-46CB-91DD-2EBC5DD4DEFF} = {5AA80EA5-CA2D-4589-A0CA-15C67A3AA8FB}
	EndGlobalSection
EndGlobal
